{
	"name": "@rsksmart/abi-enhancer",
	"version": "1.0.0",
	"lockfileVersion": 1,
	"requires": true,
	"dependencies": {
		"@babel/runtime": {
			"version": "7.18.3",
			"resolved": "https://registry.npmjs.org/@babel/runtime/-/runtime-7.18.3.tgz",
			"integrity": "sha512-38Y8f7YUhce/K7RMwTp7m0uCumpv9hZkitCbBClqQIow1qSbCvGkcegKOXpEWCQLfWmevgRiWokZ1GkpfhbZug==",
			"requires": {
				"regenerator-runtime": "^0.13.4"
			}
		},
		"@ethersproject/abi": {
			"version": "5.6.3",
			"resolved": "https://registry.npmjs.org/@ethersproject/abi/-/abi-5.6.3.tgz",
			"integrity": "sha512-CxKTdoZY4zDJLWXG6HzNH6znWK0M79WzzxHegDoecE3+K32pzfHOzuXg2/oGSTecZynFgpkjYXNPOqXVJlqClw==",
			"requires": {
				"@ethersproject/address": "^5.6.1",
				"@ethersproject/bignumber": "^5.6.2",
				"@ethersproject/bytes": "^5.6.1",
				"@ethersproject/constants": "^5.6.1",
				"@ethersproject/hash": "^5.6.1",
				"@ethersproject/keccak256": "^5.6.1",
				"@ethersproject/logger": "^5.6.0",
				"@ethersproject/properties": "^5.6.0",
				"@ethersproject/strings": "^5.6.1"
			}
		},
		"@ethersproject/abstract-provider": {
			"version": "5.6.1",
			"resolved": "https://registry.npmjs.org/@ethersproject/abstract-provider/-/abstract-provider-5.6.1.tgz",
			"integrity": "sha512-BxlIgogYJtp1FS8Muvj8YfdClk3unZH0vRMVX791Z9INBNT/kuACZ9GzaY1Y4yFq+YSy6/w4gzj3HCRKrK9hsQ==",
			"requires": {
				"@ethersproject/bignumber": "^5.6.2",
				"@ethersproject/bytes": "^5.6.1",
				"@ethersproject/logger": "^5.6.0",
				"@ethersproject/networks": "^5.6.3",
				"@ethersproject/properties": "^5.6.0",
				"@ethersproject/transactions": "^5.6.2",
				"@ethersproject/web": "^5.6.1"
			}
		},
		"@ethersproject/abstract-signer": {
			"version": "5.6.2",
			"resolved": "https://registry.npmjs.org/@ethersproject/abstract-signer/-/abstract-signer-5.6.2.tgz",
			"integrity": "sha512-n1r6lttFBG0t2vNiI3HoWaS/KdOt8xyDjzlP2cuevlWLG6EX0OwcKLyG/Kp/cuwNxdy/ous+R/DEMdTUwWQIjQ==",
			"requires": {
				"@ethersproject/abstract-provider": "^5.6.1",
				"@ethersproject/bignumber": "^5.6.2",
				"@ethersproject/bytes": "^5.6.1",
				"@ethersproject/logger": "^5.6.0",
				"@ethersproject/properties": "^5.6.0"
			}
		},
		"@ethersproject/address": {
			"version": "5.6.1",
			"resolved": "https://registry.npmjs.org/@ethersproject/address/-/address-5.6.1.tgz",
			"integrity": "sha512-uOgF0kS5MJv9ZvCz7x6T2EXJSzotiybApn4XlOgoTX0xdtyVIJ7pF+6cGPxiEq/dpBiTfMiw7Yc81JcwhSYA0Q==",
			"requires": {
				"@ethersproject/bignumber": "^5.6.2",
				"@ethersproject/bytes": "^5.6.1",
				"@ethersproject/keccak256": "^5.6.1",
				"@ethersproject/logger": "^5.6.0",
				"@ethersproject/rlp": "^5.6.1"
			}
		},
		"@ethersproject/base64": {
			"version": "5.6.1",
			"resolved": "https://registry.npmjs.org/@ethersproject/base64/-/base64-5.6.1.tgz",
			"integrity": "sha512-qB76rjop6a0RIYYMiB4Eh/8n+Hxu2NIZm8S/Q7kNo5pmZfXhHGHmS4MinUainiBC54SCyRnwzL+KZjj8zbsSsw==",
			"requires": {
				"@ethersproject/bytes": "^5.6.1"
			}
		},
		"@ethersproject/basex": {
			"version": "5.6.1",
			"resolved": "https://registry.npmjs.org/@ethersproject/basex/-/basex-5.6.1.tgz",
			"integrity": "sha512-a52MkVz4vuBXR06nvflPMotld1FJWSj2QT0985v7P/emPZO00PucFAkbcmq2vpVU7Ts7umKiSI6SppiLykVWsA==",
			"requires": {
				"@ethersproject/bytes": "^5.6.1",
				"@ethersproject/properties": "^5.6.0"
			}
		},
		"@ethersproject/bignumber": {
			"version": "5.6.2",
			"resolved": "https://registry.npmjs.org/@ethersproject/bignumber/-/bignumber-5.6.2.tgz",
			"integrity": "sha512-v7+EEUbhGqT3XJ9LMPsKvXYHFc8eHxTowFCG/HgJErmq4XHJ2WR7aeyICg3uTOAQ7Icn0GFHAohXEhxQHq4Ubw==",
			"requires": {
				"@ethersproject/bytes": "^5.6.1",
				"@ethersproject/logger": "^5.6.0",
				"bn.js": "^5.2.1"
			},
			"dependencies": {
				"bn.js": {
					"version": "5.2.1",
					"resolved": "https://registry.npmjs.org/bn.js/-/bn.js-5.2.1.tgz",
					"integrity": "sha512-eXRvHzWyYPBuB4NBy0cmYQjGitUrtqwbvlzP3G6VFnNRbsZQIxQ10PbKKHt8gZ/HW/D/747aDl+QkDqg3KQLMQ=="
				}
			}
		},
		"@ethersproject/bytes": {
			"version": "5.6.1",
			"resolved": "https://registry.npmjs.org/@ethersproject/bytes/-/bytes-5.6.1.tgz",
			"integrity": "sha512-NwQt7cKn5+ZE4uDn+X5RAXLp46E1chXoaMmrxAyA0rblpxz8t58lVkrHXoRIn0lz1joQElQ8410GqhTqMOwc6g==",
			"requires": {
				"@ethersproject/logger": "^5.6.0"
			}
		},
		"@ethersproject/constants": {
			"version": "5.6.1",
			"resolved": "https://registry.npmjs.org/@ethersproject/constants/-/constants-5.6.1.tgz",
			"integrity": "sha512-QSq9WVnZbxXYFftrjSjZDUshp6/eKp6qrtdBtUCm0QxCV5z1fG/w3kdlcsjMCQuQHUnAclKoK7XpXMezhRDOLg==",
			"requires": {
				"@ethersproject/bignumber": "^5.6.2"
			}
		},
		"@ethersproject/contracts": {
			"version": "5.6.2",
			"resolved": "https://registry.npmjs.org/@ethersproject/contracts/-/contracts-5.6.2.tgz",
			"integrity": "sha512-hguUA57BIKi6WY0kHvZp6PwPlWF87MCeB4B7Z7AbUpTxfFXFdn/3b0GmjZPagIHS+3yhcBJDnuEfU4Xz+Ks/8g==",
			"requires": {
				"@ethersproject/abi": "^5.6.3",
				"@ethersproject/abstract-provider": "^5.6.1",
				"@ethersproject/abstract-signer": "^5.6.2",
				"@ethersproject/address": "^5.6.1",
				"@ethersproject/bignumber": "^5.6.2",
				"@ethersproject/bytes": "^5.6.1",
				"@ethersproject/constants": "^5.6.1",
				"@ethersproject/logger": "^5.6.0",
				"@ethersproject/properties": "^5.6.0",
				"@ethersproject/transactions": "^5.6.2"
			}
		},
		"@ethersproject/hash": {
			"version": "5.6.1",
			"resolved": "https://registry.npmjs.org/@ethersproject/hash/-/hash-5.6.1.tgz",
			"integrity": "sha512-L1xAHurbaxG8VVul4ankNX5HgQ8PNCTrnVXEiFnE9xoRnaUcgfD12tZINtDinSllxPLCtGwguQxJ5E6keE84pA==",
			"requires": {
				"@ethersproject/abstract-signer": "^5.6.2",
				"@ethersproject/address": "^5.6.1",
				"@ethersproject/bignumber": "^5.6.2",
				"@ethersproject/bytes": "^5.6.1",
				"@ethersproject/keccak256": "^5.6.1",
				"@ethersproject/logger": "^5.6.0",
				"@ethersproject/properties": "^5.6.0",
				"@ethersproject/strings": "^5.6.1"
			}
		},
		"@ethersproject/hdnode": {
			"version": "5.6.2",
			"resolved": "https://registry.npmjs.org/@ethersproject/hdnode/-/hdnode-5.6.2.tgz",
			"integrity": "sha512-tERxW8Ccf9CxW2db3WsN01Qao3wFeRsfYY9TCuhmG0xNpl2IO8wgXU3HtWIZ49gUWPggRy4Yg5axU0ACaEKf1Q==",
			"requires": {
				"@ethersproject/abstract-signer": "^5.6.2",
				"@ethersproject/basex": "^5.6.1",
				"@ethersproject/bignumber": "^5.6.2",
				"@ethersproject/bytes": "^5.6.1",
				"@ethersproject/logger": "^5.6.0",
				"@ethersproject/pbkdf2": "^5.6.1",
				"@ethersproject/properties": "^5.6.0",
				"@ethersproject/sha2": "^5.6.1",
				"@ethersproject/signing-key": "^5.6.2",
				"@ethersproject/strings": "^5.6.1",
				"@ethersproject/transactions": "^5.6.2",
				"@ethersproject/wordlists": "^5.6.1"
			}
		},
		"@ethersproject/json-wallets": {
			"version": "5.6.1",
			"resolved": "https://registry.npmjs.org/@ethersproject/json-wallets/-/json-wallets-5.6.1.tgz",
			"integrity": "sha512-KfyJ6Zwz3kGeX25nLihPwZYlDqamO6pfGKNnVMWWfEVVp42lTfCZVXXy5Ie8IZTN0HKwAngpIPi7gk4IJzgmqQ==",
			"requires": {
				"@ethersproject/abstract-signer": "^5.6.2",
				"@ethersproject/address": "^5.6.1",
				"@ethersproject/bytes": "^5.6.1",
				"@ethersproject/hdnode": "^5.6.2",
				"@ethersproject/keccak256": "^5.6.1",
				"@ethersproject/logger": "^5.6.0",
				"@ethersproject/pbkdf2": "^5.6.1",
				"@ethersproject/properties": "^5.6.0",
				"@ethersproject/random": "^5.6.1",
				"@ethersproject/strings": "^5.6.1",
				"@ethersproject/transactions": "^5.6.2",
				"aes-js": "3.0.0",
				"scrypt-js": "3.0.1"
			}
		},
		"@ethersproject/keccak256": {
			"version": "5.6.1",
			"resolved": "https://registry.npmjs.org/@ethersproject/keccak256/-/keccak256-5.6.1.tgz",
			"integrity": "sha512-bB7DQHCTRDooZZdL3lk9wpL0+XuG3XLGHLh3cePnybsO3V0rdCAOQGpn/0R3aODmnTOOkCATJiD2hnL+5bwthA==",
			"requires": {
				"@ethersproject/bytes": "^5.6.1",
				"js-sha3": "0.8.0"
			}
		},
		"@ethersproject/logger": {
			"version": "5.6.0",
			"resolved": "https://registry.npmjs.org/@ethersproject/logger/-/logger-5.6.0.tgz",
			"integrity": "sha512-BiBWllUROH9w+P21RzoxJKzqoqpkyM1pRnEKG69bulE9TSQD8SAIvTQqIMZmmCO8pUNkgLP1wndX1gKghSpBmg=="
		},
		"@ethersproject/networks": {
			"version": "5.6.3",
			"resolved": "https://registry.npmjs.org/@ethersproject/networks/-/networks-5.6.3.tgz",
			"integrity": "sha512-QZxRH7cA5Ut9TbXwZFiCyuPchdWi87ZtVNHWZd0R6YFgYtes2jQ3+bsslJ0WdyDe0i6QumqtoYqvY3rrQFRZOQ==",
			"requires": {
				"@ethersproject/logger": "^5.6.0"
			}
		},
		"@ethersproject/pbkdf2": {
			"version": "5.6.1",
			"resolved": "https://registry.npmjs.org/@ethersproject/pbkdf2/-/pbkdf2-5.6.1.tgz",
			"integrity": "sha512-k4gRQ+D93zDRPNUfmduNKq065uadC2YjMP/CqwwX5qG6R05f47boq6pLZtV/RnC4NZAYOPH1Cyo54q0c9sshRQ==",
			"requires": {
				"@ethersproject/bytes": "^5.6.1",
				"@ethersproject/sha2": "^5.6.1"
			}
		},
		"@ethersproject/properties": {
			"version": "5.6.0",
			"resolved": "https://registry.npmjs.org/@ethersproject/properties/-/properties-5.6.0.tgz",
			"integrity": "sha512-szoOkHskajKePTJSZ46uHUWWkbv7TzP2ypdEK6jGMqJaEt2sb0jCgfBo0gH0m2HBpRixMuJ6TBRaQCF7a9DoCg==",
			"requires": {
				"@ethersproject/logger": "^5.6.0"
			}
		},
		"@ethersproject/providers": {
			"version": "5.6.8",
			"resolved": "https://registry.npmjs.org/@ethersproject/providers/-/providers-5.6.8.tgz",
			"integrity": "sha512-Wf+CseT/iOJjrGtAOf3ck9zS7AgPmr2fZ3N97r4+YXN3mBePTG2/bJ8DApl9mVwYL+RpYbNxMEkEp4mPGdwG/w==",
			"requires": {
				"@ethersproject/abstract-provider": "^5.6.1",
				"@ethersproject/abstract-signer": "^5.6.2",
				"@ethersproject/address": "^5.6.1",
				"@ethersproject/base64": "^5.6.1",
				"@ethersproject/basex": "^5.6.1",
				"@ethersproject/bignumber": "^5.6.2",
				"@ethersproject/bytes": "^5.6.1",
				"@ethersproject/constants": "^5.6.1",
				"@ethersproject/hash": "^5.6.1",
				"@ethersproject/logger": "^5.6.0",
				"@ethersproject/networks": "^5.6.3",
				"@ethersproject/properties": "^5.6.0",
				"@ethersproject/random": "^5.6.1",
				"@ethersproject/rlp": "^5.6.1",
				"@ethersproject/sha2": "^5.6.1",
				"@ethersproject/strings": "^5.6.1",
				"@ethersproject/transactions": "^5.6.2",
				"@ethersproject/web": "^5.6.1",
				"bech32": "1.1.4",
				"ws": "7.4.6"
			}
		},
		"@ethersproject/random": {
			"version": "5.6.1",
			"resolved": "https://registry.npmjs.org/@ethersproject/random/-/random-5.6.1.tgz",
			"integrity": "sha512-/wtPNHwbmng+5yi3fkipA8YBT59DdkGRoC2vWk09Dci/q5DlgnMkhIycjHlavrvrjJBkFjO/ueLyT+aUDfc4lA==",
			"requires": {
				"@ethersproject/bytes": "^5.6.1",
				"@ethersproject/logger": "^5.6.0"
			}
		},
		"@ethersproject/rlp": {
			"version": "5.6.1",
			"resolved": "https://registry.npmjs.org/@ethersproject/rlp/-/rlp-5.6.1.tgz",
			"integrity": "sha512-uYjmcZx+DKlFUk7a5/W9aQVaoEC7+1MOBgNtvNg13+RnuUwT4F0zTovC0tmay5SmRslb29V1B7Y5KCri46WhuQ==",
			"requires": {
				"@ethersproject/bytes": "^5.6.1",
				"@ethersproject/logger": "^5.6.0"
			}
		},
		"@ethersproject/sha2": {
			"version": "5.6.1",
			"resolved": "https://registry.npmjs.org/@ethersproject/sha2/-/sha2-5.6.1.tgz",
			"integrity": "sha512-5K2GyqcW7G4Yo3uenHegbXRPDgARpWUiXc6RiF7b6i/HXUoWlb7uCARh7BAHg7/qT/Q5ydofNwiZcim9qpjB6g==",
			"requires": {
				"@ethersproject/bytes": "^5.6.1",
				"@ethersproject/logger": "^5.6.0",
				"hash.js": "1.1.7"
			}
		},
		"@ethersproject/signing-key": {
			"version": "5.6.2",
			"resolved": "https://registry.npmjs.org/@ethersproject/signing-key/-/signing-key-5.6.2.tgz",
			"integrity": "sha512-jVbu0RuP7EFpw82vHcL+GP35+KaNruVAZM90GxgQnGqB6crhBqW/ozBfFvdeImtmb4qPko0uxXjn8l9jpn0cwQ==",
			"requires": {
				"@ethersproject/bytes": "^5.6.1",
				"@ethersproject/logger": "^5.6.0",
				"@ethersproject/properties": "^5.6.0",
				"bn.js": "^5.2.1",
				"elliptic": "6.5.4",
				"hash.js": "1.1.7"
			},
			"dependencies": {
				"bn.js": {
					"version": "5.2.1",
					"resolved": "https://registry.npmjs.org/bn.js/-/bn.js-5.2.1.tgz",
					"integrity": "sha512-eXRvHzWyYPBuB4NBy0cmYQjGitUrtqwbvlzP3G6VFnNRbsZQIxQ10PbKKHt8gZ/HW/D/747aDl+QkDqg3KQLMQ=="
				}
			}
		},
		"@ethersproject/solidity": {
			"version": "5.6.1",
			"resolved": "https://registry.npmjs.org/@ethersproject/solidity/-/solidity-5.6.1.tgz",
			"integrity": "sha512-KWqVLkUUoLBfL1iwdzUVlkNqAUIFMpbbeH0rgCfKmJp0vFtY4AsaN91gHKo9ZZLkC4UOm3cI3BmMV4N53BOq4g==",
			"requires": {
				"@ethersproject/bignumber": "^5.6.2",
				"@ethersproject/bytes": "^5.6.1",
				"@ethersproject/keccak256": "^5.6.1",
				"@ethersproject/logger": "^5.6.0",
				"@ethersproject/sha2": "^5.6.1",
				"@ethersproject/strings": "^5.6.1"
			}
		},
		"@ethersproject/strings": {
			"version": "5.6.1",
			"resolved": "https://registry.npmjs.org/@ethersproject/strings/-/strings-5.6.1.tgz",
			"integrity": "sha512-2X1Lgk6Jyfg26MUnsHiT456U9ijxKUybz8IM1Vih+NJxYtXhmvKBcHOmvGqpFSVJ0nQ4ZCoIViR8XlRw1v/+Cw==",
			"requires": {
				"@ethersproject/bytes": "^5.6.1",
				"@ethersproject/constants": "^5.6.1",
				"@ethersproject/logger": "^5.6.0"
			}
		},
		"@ethersproject/transactions": {
			"version": "5.6.2",
			"resolved": "https://registry.npmjs.org/@ethersproject/transactions/-/transactions-5.6.2.tgz",
			"integrity": "sha512-BuV63IRPHmJvthNkkt9G70Ullx6AcM+SDc+a8Aw/8Yew6YwT51TcBKEp1P4oOQ/bP25I18JJr7rcFRgFtU9B2Q==",
			"requires": {
				"@ethersproject/address": "^5.6.1",
				"@ethersproject/bignumber": "^5.6.2",
				"@ethersproject/bytes": "^5.6.1",
				"@ethersproject/constants": "^5.6.1",
				"@ethersproject/keccak256": "^5.6.1",
				"@ethersproject/logger": "^5.6.0",
				"@ethersproject/properties": "^5.6.0",
				"@ethersproject/rlp": "^5.6.1",
				"@ethersproject/signing-key": "^5.6.2"
			}
		},
		"@ethersproject/units": {
			"version": "5.6.1",
			"resolved": "https://registry.npmjs.org/@ethersproject/units/-/units-5.6.1.tgz",
			"integrity": "sha512-rEfSEvMQ7obcx3KWD5EWWx77gqv54K6BKiZzKxkQJqtpriVsICrktIQmKl8ReNToPeIYPnFHpXvKpi068YFZXw==",
			"requires": {
				"@ethersproject/bignumber": "^5.6.2",
				"@ethersproject/constants": "^5.6.1",
				"@ethersproject/logger": "^5.6.0"
			}
		},
		"@ethersproject/wallet": {
			"version": "5.6.2",
			"resolved": "https://registry.npmjs.org/@ethersproject/wallet/-/wallet-5.6.2.tgz",
			"integrity": "sha512-lrgh0FDQPuOnHcF80Q3gHYsSUODp6aJLAdDmDV0xKCN/T7D99ta1jGVhulg3PY8wiXEngD0DfM0I2XKXlrqJfg==",
			"requires": {
				"@ethersproject/abstract-provider": "^5.6.1",
				"@ethersproject/abstract-signer": "^5.6.2",
				"@ethersproject/address": "^5.6.1",
				"@ethersproject/bignumber": "^5.6.2",
				"@ethersproject/bytes": "^5.6.1",
				"@ethersproject/hash": "^5.6.1",
				"@ethersproject/hdnode": "^5.6.2",
				"@ethersproject/json-wallets": "^5.6.1",
				"@ethersproject/keccak256": "^5.6.1",
				"@ethersproject/logger": "^5.6.0",
				"@ethersproject/properties": "^5.6.0",
				"@ethersproject/random": "^5.6.1",
				"@ethersproject/signing-key": "^5.6.2",
				"@ethersproject/transactions": "^5.6.2",
				"@ethersproject/wordlists": "^5.6.1"
			}
		},
		"@ethersproject/web": {
			"version": "5.6.1",
			"resolved": "https://registry.npmjs.org/@ethersproject/web/-/web-5.6.1.tgz",
			"integrity": "sha512-/vSyzaQlNXkO1WV+RneYKqCJwualcUdx/Z3gseVovZP0wIlOFcCE1hkRhKBH8ImKbGQbMl9EAAyJFrJu7V0aqA==",
			"requires": {
				"@ethersproject/base64": "^5.6.1",
				"@ethersproject/bytes": "^5.6.1",
				"@ethersproject/logger": "^5.6.0",
				"@ethersproject/properties": "^5.6.0",
				"@ethersproject/strings": "^5.6.1"
			}
		},
		"@ethersproject/wordlists": {
			"version": "5.6.1",
			"resolved": "https://registry.npmjs.org/@ethersproject/wordlists/-/wordlists-5.6.1.tgz",
			"integrity": "sha512-wiPRgBpNbNwCQFoCr8bcWO8o5I810cqO6mkdtKfLKFlLxeCWcnzDi4Alu8iyNzlhYuS9npCwivMbRWF19dyblw==",
			"requires": {
				"@ethersproject/bytes": "^5.6.1",
				"@ethersproject/hash": "^5.6.1",
				"@ethersproject/logger": "^5.6.0",
				"@ethersproject/properties": "^5.6.0",
				"@ethersproject/strings": "^5.6.1"
			}
		},
		"@rsksmart/rif-id-mnemonic": {
			"version": "0.1.1",
			"resolved": "https://registry.npmjs.org/@rsksmart/rif-id-mnemonic/-/rif-id-mnemonic-0.1.1.tgz",
			"integrity": "sha512-P6vFTq9Pg6N9GjqdnSXLW4XftGO0gkq9ZCMEFsykb2QnD/e8m/+a9d4PU9TqK/VHGNXBhYU92zUE49r9Zyekgw==",
			"requires": {
				"@types/lodash": "^4.14.155",
				"@types/randombytes": "^2.0.0",
				"bip32": "^2.0.5",
				"bip39": "^3.0.2",
				"lodash": "^4.17.15",
				"randombytes": "^2.1.0"
			}
		},
		"@rsksmart/rlogin-dpath": {
			"version": "1.0.3",
			"resolved": "https://registry.npmjs.org/@rsksmart/rlogin-dpath/-/rlogin-dpath-1.0.3.tgz",
			"integrity": "sha512-uWrzaQbnApLIBdVNqF2NdqdfIJ2jG0XrSFC+XJ5Wuo2nap4PVxc45U+GlmTy1qqK9PJ0g/d9F/dR5n51EhqlVw=="
		},
		"@socket.io/component-emitter": {
			"version": "3.1.0",
			"resolved": "https://registry.npmjs.org/@socket.io/component-emitter/-/component-emitter-3.1.0.tgz",
			"integrity": "sha512-+9jVqKhRSpsc591z5vX+X5Yyw+he/HCB4iQ/RYxw35CEPaY1gnsNE43nf9n9AaYjAQrTiI/mOwKUKdUs9vf7Xg=="
		},
		"@types/lodash": {
			"version": "4.14.182",
			"resolved": "https://registry.npmjs.org/@types/lodash/-/lodash-4.14.182.tgz",
			"integrity": "sha512-/THyiqyQAP9AfARo4pF+aCGcyiQ94tX/Is2I7HofNRqoYLgN1PBoOWu2/zTA5zMxzP5EFutMtWtGAFRKUe961Q=="
		},
		"@types/node": {
			"version": "18.0.0",
			"resolved": "https://registry.npmjs.org/@types/node/-/node-18.0.0.tgz",
			"integrity": "sha512-cHlGmko4gWLVI27cGJntjs/Sj8th9aYwplmZFwmmgYQQvL5NUsgVJG7OddLvNfLqYS31KFN0s3qlaD9qCaxACA=="
		},
		"@types/randombytes": {
			"version": "2.0.0",
			"resolved": "https://registry.npmjs.org/@types/randombytes/-/randombytes-2.0.0.tgz",
			"integrity": "sha512-bz8PhAVlwN72vqefzxa14DKNT8jK/mV66CSjwdVQM/k3Th3EPKfUtdMniwZgMedQTFuywAsfjnZsg+pEnltaMA==",
			"requires": {
				"@types/node": "*"
			}
		},
		"aes-js": {
			"version": "3.0.0",
			"resolved": "https://registry.npmjs.org/aes-js/-/aes-js-3.0.0.tgz",
			"integrity": "sha512-H7wUZRn8WpTq9jocdxQ2c8x2sKo9ZVmzfRE13GiNJXfp7NcKYEdvl3vspKjXox6RIG2VtaRe4JFvxG4rqp2Zuw=="
		},
		"axios": {
			"version": "0.24.0",
			"resolved": "https://registry.npmjs.org/axios/-/axios-0.24.0.tgz",
			"integrity": "sha512-Q6cWsys88HoPgAaFAVUb0WpPk0O8iTeisR9IMqy9G8AbO4NlpVknrnQS03zzF9PGAWgO3cgletO3VjV/P7VztA==",
			"requires": {
				"follow-redirects": "^1.14.4"
			}
		},
		"base-x": {
			"version": "3.0.9",
			"resolved": "https://registry.npmjs.org/base-x/-/base-x-3.0.9.tgz",
			"integrity": "sha512-H7JU6iBHTal1gp56aKoaa//YUxEaAOUiydvrV/pILqIHXTtqxSkATOnDA2u+jZ/61sD+L/412+7kzXRtWukhpQ==",
			"requires": {
				"safe-buffer": "^5.0.1"
			}
		},
		"bech32": {
			"version": "1.1.4",
			"resolved": "https://registry.npmjs.org/bech32/-/bech32-1.1.4.tgz",
			"integrity": "sha512-s0IrSOzLlbvX7yp4WBfPITzpAU8sqQcpsmwXDiKwrG4r491vwCO/XpejasRNl0piBMe/DvP4Tz0mIS/X1DPJBQ=="
		},
		"bindings": {
			"version": "1.5.0",
			"resolved": "https://registry.npmjs.org/bindings/-/bindings-1.5.0.tgz",
			"integrity": "sha512-p2q/t/mhvuOj/UeLlV6566GD/guowlr0hHxClI0W9m7MWYkL1F0hLo+0Aexs9HSPCtR1SXQ0TD3MMKrXZajbiQ==",
			"requires": {
				"file-uri-to-path": "1.0.0"
			}
		},
		"bip32": {
			"version": "2.0.6",
			"resolved": "https://registry.npmjs.org/bip32/-/bip32-2.0.6.tgz",
			"integrity": "sha512-HpV5OMLLGTjSVblmrtYRfFFKuQB+GArM0+XP8HGWfJ5vxYBqo+DesvJwOdC2WJ3bCkZShGf0QIfoIpeomVzVdA==",
			"requires": {
				"@types/node": "10.12.18",
				"bs58check": "^2.1.1",
				"create-hash": "^1.2.0",
				"create-hmac": "^1.1.7",
				"tiny-secp256k1": "^1.1.3",
				"typeforce": "^1.11.5",
				"wif": "^2.0.6"
			},
			"dependencies": {
				"@types/node": {
					"version": "10.12.18",
					"resolved": "https://registry.npmjs.org/@types/node/-/node-10.12.18.tgz",
					"integrity": "sha512-fh+pAqt4xRzPfqA6eh3Z2y6fyZavRIumvjhaCL753+TVkGKGhpPeyrJG2JftD0T9q4GF00KjefsQ+PQNDdWQaQ=="
				}
			}
		},
		"bip39": {
			"version": "3.0.4",
			"resolved": "https://registry.npmjs.org/bip39/-/bip39-3.0.4.tgz",
			"integrity": "sha512-YZKQlb752TrUWqHWj7XAwCSjYEgGAk+/Aas3V7NyjQeZYsztO8JnQUaCWhcnL4T+jL8nvB8typ2jRPzTlgugNw==",
			"requires": {
				"@types/node": "11.11.6",
				"create-hash": "^1.1.0",
				"pbkdf2": "^3.0.9",
				"randombytes": "^2.0.1"
			},
			"dependencies": {
				"@types/node": {
					"version": "11.11.6",
					"resolved": "https://registry.npmjs.org/@types/node/-/node-11.11.6.tgz",
					"integrity": "sha512-Exw4yUWMBXM3X+8oqzJNRqZSwUAaS4+7NdvHqQuFi/d+synz++xmX3QIf+BFqneW8N31R8Ky+sikfZUXq07ggQ=="
				}
			}
		},
		"bn.js": {
			"version": "4.12.0",
			"resolved": "https://registry.npmjs.org/bn.js/-/bn.js-4.12.0.tgz",
			"integrity": "sha512-c98Bf3tPniI+scsdk237ku1Dc3ujXQTSgyiPUDEOe7tRkhrqridvh8klBv0HCEso1OLOYcHuCv/cS6DNxKH+ZA=="
		},
		"brorand": {
			"version": "1.1.0",
			"resolved": "https://registry.npmjs.org/brorand/-/brorand-1.1.0.tgz",
			"integrity": "sha512-cKV8tMCEpQs4hK/ik71d6LrPOnpkpGBR0wzxqr68g2m/LB2GxVYQroAjMJZRVM1Y4BCjCKc3vAamxSzOY2RP+w=="
		},
		"bs58": {
			"version": "4.0.1",
			"resolved": "https://registry.npmjs.org/bs58/-/bs58-4.0.1.tgz",
			"integrity": "sha512-Ok3Wdf5vOIlBrgCvTq96gBkJw+JUEzdBgyaza5HLtPm7yTHkjRy8+JzNyHF7BHa0bNWOQIp3m5YF0nnFcOIKLw==",
			"requires": {
				"base-x": "^3.0.2"
			}
		},
		"bs58check": {
			"version": "2.1.2",
			"resolved": "https://registry.npmjs.org/bs58check/-/bs58check-2.1.2.tgz",
			"integrity": "sha512-0TS1jicxdU09dwJMNZtVAfzPi6Q6QeN0pM1Fkzrjn+XYHvzMKPU3pHVpva+769iNVSfIYWf7LJ6WR+BuuMf8cA==",
			"requires": {
				"bs58": "^4.0.0",
				"create-hash": "^1.1.0",
				"safe-buffer": "^5.1.2"
			}
		},
		"cipher-base": {
			"version": "1.0.4",
			"resolved": "https://registry.npmjs.org/cipher-base/-/cipher-base-1.0.4.tgz",
			"integrity": "sha512-Kkht5ye6ZGmwv40uUDZztayT2ThLQGfnj/T71N/XzeZeo3nf8foyW7zGTsPYkEya3m5f3cAypH+qe7YOrM1U2Q==",
			"requires": {
				"inherits": "^2.0.1",
				"safe-buffer": "^5.0.1"
			}
		},
		"create-hash": {
			"version": "1.2.0",
			"resolved": "https://registry.npmjs.org/create-hash/-/create-hash-1.2.0.tgz",
			"integrity": "sha512-z00bCGNHDG8mHAkP7CtT1qVu+bFQUPjYq/4Iv3C3kWjTFV10zIjfSoeqXo9Asws8gwSHDGj/hl2u4OGIjapeCg==",
			"requires": {
				"cipher-base": "^1.0.1",
				"inherits": "^2.0.1",
				"md5.js": "^1.3.4",
				"ripemd160": "^2.0.1",
				"sha.js": "^2.4.0"
			}
		},
		"create-hmac": {
			"version": "1.1.7",
			"resolved": "https://registry.npmjs.org/create-hmac/-/create-hmac-1.1.7.tgz",
			"integrity": "sha512-MJG9liiZ+ogc4TzUwuvbER1JRdgvUFSB5+VR/g5h82fGaIRWMWddtKBHi7/sVhfjQZ6SehlyhvQYrcYkaUIpLg==",
			"requires": {
				"cipher-base": "^1.0.3",
				"create-hash": "^1.1.0",
				"inherits": "^2.0.1",
				"ripemd160": "^2.0.0",
				"safe-buffer": "^5.0.1",
				"sha.js": "^2.4.8"
			}
		},
		"debug": {
			"version": "4.3.4",
			"resolved": "https://registry.npmjs.org/debug/-/debug-4.3.4.tgz",
			"integrity": "sha512-PRWFHuSU3eDtQJPvnNY7Jcket1j0t5OuOsFzPPzsekD52Zl8qUfFIPEiswXqIvHWGVHOgX+7G/vCNNhehwxfkQ==",
			"requires": {
				"ms": "2.1.2"
			}
		},
		"elliptic": {
			"version": "6.5.4",
			"resolved": "https://registry.npmjs.org/elliptic/-/elliptic-6.5.4.tgz",
			"integrity": "sha512-iLhC6ULemrljPZb+QutR5TQGB+pdW6KGD5RSegS+8sorOZT+rdQFbsQFJgvN3eRqNALqJer4oQ16YvJHlU8hzQ==",
			"requires": {
				"bn.js": "^4.11.9",
				"brorand": "^1.1.0",
				"hash.js": "^1.0.0",
				"hmac-drbg": "^1.0.1",
				"inherits": "^2.0.4",
				"minimalistic-assert": "^1.0.1",
				"minimalistic-crypto-utils": "^1.0.1"
			}
		},
		"engine.io-client": {
			"version": "6.2.2",
			"resolved": "https://registry.npmjs.org/engine.io-client/-/engine.io-client-6.2.2.tgz",
			"integrity": "sha512-8ZQmx0LQGRTYkHuogVZuGSpDqYZtCM/nv8zQ68VZ+JkOpazJ7ICdsSpaO6iXwvaU30oFg5QJOJWj8zWqhbKjkQ==",
			"requires": {
				"@socket.io/component-emitter": "~3.1.0",
				"debug": "~4.3.1",
				"engine.io-parser": "~5.0.3",
				"ws": "~8.2.3",
				"xmlhttprequest-ssl": "~2.0.0"
			},
			"dependencies": {
				"ws": {
					"version": "8.2.3",
					"resolved": "https://registry.npmjs.org/ws/-/ws-8.2.3.tgz",
					"integrity": "sha512-wBuoj1BDpC6ZQ1B7DWQBYVLphPWkm8i9Y0/3YdHjHKHiohOJ1ws+3OccDWtH+PoC9DZD5WOTrJvNbWvjS6JWaA=="
				}
			}
		},
		"engine.io-parser": {
			"version": "5.0.4",
			"resolved": "https://registry.npmjs.org/engine.io-parser/-/engine.io-parser-5.0.4.tgz",
			"integrity": "sha512-+nVFp+5z1E3HcToEnO7ZIj3g+3k9389DvWtvJZz0T6/eOCPIyyxehFcedoYrZQrp0LgQbD9pPXhpMBKMd5QURg=="
		},
		"ethers": {
			"version": "5.6.8",
			"resolved": "https://registry.npmjs.org/ethers/-/ethers-5.6.8.tgz",
			"integrity": "sha512-YxIGaltAOdvBFPZwIkyHnXbW40f1r8mHUgapW6dxkO+6t7H6wY8POUn0Kbxrd/N7I4hHxyi7YCddMAH/wmho2w==",
			"requires": {
				"@ethersproject/abi": "5.6.3",
				"@ethersproject/abstract-provider": "5.6.1",
				"@ethersproject/abstract-signer": "5.6.2",
				"@ethersproject/address": "5.6.1",
				"@ethersproject/base64": "5.6.1",
				"@ethersproject/basex": "5.6.1",
				"@ethersproject/bignumber": "5.6.2",
				"@ethersproject/bytes": "5.6.1",
				"@ethersproject/constants": "5.6.1",
				"@ethersproject/contracts": "5.6.2",
				"@ethersproject/hash": "5.6.1",
				"@ethersproject/hdnode": "5.6.2",
				"@ethersproject/json-wallets": "5.6.1",
				"@ethersproject/keccak256": "5.6.1",
				"@ethersproject/logger": "5.6.0",
				"@ethersproject/networks": "5.6.3",
				"@ethersproject/pbkdf2": "5.6.1",
				"@ethersproject/properties": "5.6.0",
				"@ethersproject/providers": "5.6.8",
				"@ethersproject/random": "5.6.1",
				"@ethersproject/rlp": "5.6.1",
				"@ethersproject/sha2": "5.6.1",
				"@ethersproject/signing-key": "5.6.2",
				"@ethersproject/solidity": "5.6.1",
				"@ethersproject/strings": "5.6.1",
				"@ethersproject/transactions": "5.6.2",
				"@ethersproject/units": "5.6.1",
				"@ethersproject/wallet": "5.6.2",
				"@ethersproject/web": "5.6.1",
				"@ethersproject/wordlists": "5.6.1"
			}
		},
		"file-uri-to-path": {
			"version": "1.0.0",
			"resolved": "https://registry.npmjs.org/file-uri-to-path/-/file-uri-to-path-1.0.0.tgz",
			"integrity": "sha512-0Zt+s3L7Vf1biwWZ29aARiVYLx7iMGnEUl9x33fbB/j3jR81u/O2LbqK+Bm1CDSNDKVtJ/YjwY7TUd5SkeLQLw=="
		},
		"follow-redirects": {
			"version": "1.15.1",
			"resolved": "https://registry.npmjs.org/follow-redirects/-/follow-redirects-1.15.1.tgz",
			"integrity": "sha512-yLAMQs+k0b2m7cVxpS1VKJVvoz7SS9Td1zss3XRwXj+ZDH00RJgnuLx7E44wx02kQLrdM3aOOy+FpzS7+8OizA=="
		},
		"hash-base": {
			"version": "3.1.0",
			"resolved": "https://registry.npmjs.org/hash-base/-/hash-base-3.1.0.tgz",
			"integrity": "sha512-1nmYp/rhMDiE7AYkDw+lLwlAzz0AntGIe51F3RfFfEqyQ3feY2eI/NcwC6umIQVOASPMsWJLJScWKSSvzL9IVA==",
			"requires": {
				"inherits": "^2.0.4",
				"readable-stream": "^3.6.0",
				"safe-buffer": "^5.2.0"
			}
		},
		"hash.js": {
			"version": "1.1.7",
			"resolved": "https://registry.npmjs.org/hash.js/-/hash.js-1.1.7.tgz",
			"integrity": "sha512-taOaskGt4z4SOANNseOviYDvjEJinIkRgmp7LbKP2YTTmVxWBl87s/uzK9r+44BclBSp2X7K1hqeNfz9JbBeXA==",
			"requires": {
				"inherits": "^2.0.3",
				"minimalistic-assert": "^1.0.1"
			}
		},
		"hmac-drbg": {
			"version": "1.0.1",
			"resolved": "https://registry.npmjs.org/hmac-drbg/-/hmac-drbg-1.0.1.tgz",
			"integrity": "sha512-Tti3gMqLdZfhOQY1Mzf/AanLiqh1WTiJgEj26ZuYQ9fbkLomzGchCws4FyrSd4VkpBfiNhaE1On+lOz894jvXg==",
			"requires": {
				"hash.js": "^1.0.3",
				"minimalistic-assert": "^1.0.0",
				"minimalistic-crypto-utils": "^1.0.1"
			}
		},
		"html-escaper": {
			"version": "2.0.2",
			"resolved": "https://registry.npmjs.org/html-escaper/-/html-escaper-2.0.2.tgz",
			"integrity": "sha512-H2iMtd0I4Mt5eYiapRdIDjp+XzelXQ0tFE4JS7YFwFevXXMmOp9myNrUvCg0D6ws8iqkRPBfKHgbwig1SmlLfg=="
		},
		"html-parse-stringify": {
			"version": "3.0.1",
			"resolved": "https://registry.npmjs.org/html-parse-stringify/-/html-parse-stringify-3.0.1.tgz",
			"integrity": "sha512-KknJ50kTInJ7qIScF3jeaFRpMpE8/lfiTdzf/twXyPBLAGrLRTmkz3AdTnKeh40X8k9L2fdYwEp/42WGXIRGcg==",
			"requires": {
				"void-elements": "3.1.0"
			}
		},
		"inherits": {
			"version": "2.0.4",
			"resolved": "https://registry.npmjs.org/inherits/-/inherits-2.0.4.tgz",
			"integrity": "sha512-k/vGaX4/Yla3WzyMCvTQOXYeIHvqOKtnqBduzTHpzpQZzAskKMhZ2K+EnBiSM9zGSoIFeMpXKxa4dYeZIQqewQ=="
		},
		"js-sha3": {
			"version": "0.8.0",
			"resolved": "https://registry.npmjs.org/js-sha3/-/js-sha3-0.8.0.tgz",
			"integrity": "sha512-gF1cRrHhIzNfToc802P800N8PpXS+evLLXfsVpowqmAFR9uwbi89WvXg2QspOmXL8QL86J4T1EpFu+yUkwJY3Q=="
		},
		"lodash": {
			"version": "4.17.21",
			"resolved": "https://registry.npmjs.org/lodash/-/lodash-4.17.21.tgz",
			"integrity": "sha512-v2kDEe57lecTulaDIuNTPy3Ry4gLGJ6Z1O3vE1krgXZNrsQ+LFTGHVxVjcXPs17LhbZVGedAJv8XZ1tvj5FvSg=="
		},
		"md5.js": {
			"version": "1.3.5",
			"resolved": "https://registry.npmjs.org/md5.js/-/md5.js-1.3.5.tgz",
			"integrity": "sha512-xitP+WxNPcTTOgnTJcrhM0xvdPepipPSf3I8EIpGKeFLjt3PlJLIDG3u8EX53ZIubkb+5U2+3rELYpEhHhzdkg==",
			"requires": {
				"hash-base": "^3.0.0",
				"inherits": "^2.0.1",
				"safe-buffer": "^5.1.2"
			}
		},
		"minimalistic-assert": {
			"version": "1.0.1",
			"resolved": "https://registry.npmjs.org/minimalistic-assert/-/minimalistic-assert-1.0.1.tgz",
			"integrity": "sha512-UtJcAD4yEaGtjPezWuO9wC4nwUnVH/8/Im3yEHQP4b67cXlD/Qr9hdITCU1xDbSEXg2XKNaP8jsReV7vQd00/A=="
		},
		"minimalistic-crypto-utils": {
			"version": "1.0.1",
			"resolved": "https://registry.npmjs.org/minimalistic-crypto-utils/-/minimalistic-crypto-utils-1.0.1.tgz",
			"integrity": "sha512-JIYlbt6g8i5jKfJ3xz7rF0LXmv2TkDxBLUkiBeZ7bAx4GnnNMr8xFpGnOxn6GhTEHx3SjRrZEoU+j04prX1ktg=="
		},
		"ms": {
			"version": "2.1.2",
			"resolved": "https://registry.npmjs.org/ms/-/ms-2.1.2.tgz",
			"integrity": "sha512-sGkPx+VjMtmA6MX27oA4FBFELFCZZ4S4XqeGOXCv68tT+jb3vk/RyaKWP0PTKyWtmLSM0b+adUTEvbs1PEaH2w=="
		},
		"nan": {
			"version": "2.16.0",
			"resolved": "https://registry.npmjs.org/nan/-/nan-2.16.0.tgz",
			"integrity": "sha512-UdAqHyFngu7TfQKsCBgAA6pWDkT8MAO7d0jyOecVhN5354xbLqdn8mV9Tat9gepAupm0bt2DbeaSC8vS52MuFA=="
		},
		"pbkdf2": {
			"version": "3.1.2",
			"resolved": "https://registry.npmjs.org/pbkdf2/-/pbkdf2-3.1.2.tgz",
			"integrity": "sha512-iuh7L6jA7JEGu2WxDwtQP1ddOpaJNC4KlDEFfdQajSGgGPNi4OyDc2R7QnbY2bR9QjBVGwgvTdNJZoE7RaxUMA==",
			"requires": {
				"create-hash": "^1.1.2",
				"create-hmac": "^1.1.4",
				"ripemd160": "^2.0.1",
				"safe-buffer": "^5.0.1",
				"sha.js": "^2.4.8"
			}
		},
		"randombytes": {
			"version": "2.1.0",
			"resolved": "https://registry.npmjs.org/randombytes/-/randombytes-2.1.0.tgz",
			"integrity": "sha512-vYl3iOX+4CKUWuxGi9Ukhie6fsqXqS9FE2Zaic4tNFD2N2QQaXOMFbuKK4QmDHC0JO6B1Zp41J0LpT0oR68amQ==",
			"requires": {
				"safe-buffer": "^5.1.0"
			}
		},
		"react-i18next": {
			"version": "11.17.2",
			"resolved": "https://registry.npmjs.org/react-i18next/-/react-i18next-11.17.2.tgz",
			"integrity": "sha512-/HG4XSResWDY450cFmoUqLgCYDu8VYMFISGcMnZlxRSV05naj3+F7DoebwnPu6z/akA3Wd0Xe7KGTYdywL9z9g==",
			"requires": {
				"@babel/runtime": "^7.14.5",
				"html-escaper": "^2.0.2",
				"html-parse-stringify": "^3.0.1"
			}
		},
		"react-native-config": {
			"version": "1.4.6",
			"resolved": "https://registry.npmjs.org/react-native-config/-/react-native-config-1.4.6.tgz",
			"integrity": "sha512-cSLdOfva2IPCxh6HjHN1IDVW9ratAvNnnAUx6ar2Byvr8KQU7++ysdFYPaoNVuJURuYoAKgvjab8ZcnwGZIO6Q=="
		},
		"readable-stream": {
			"version": "3.6.0",
			"resolved": "https://registry.npmjs.org/readable-stream/-/readable-stream-3.6.0.tgz",
			"integrity": "sha512-BViHy7LKeTz4oNnkcLJ+lVSL6vpiFeX6/d3oSH8zCW7UxP2onchk+vTGB143xuFjHS3deTgkKoXXymXqymiIdA==",
			"requires": {
				"inherits": "^2.0.3",
				"string_decoder": "^1.1.1",
				"util-deprecate": "^1.0.1"
			}
		},
		"regenerator-runtime": {
			"version": "0.13.9",
			"resolved": "https://registry.npmjs.org/regenerator-runtime/-/regenerator-runtime-0.13.9.tgz",
			"integrity": "sha512-p3VT+cOEgxFsRRA9X4lkI1E+k2/CtnKtU4gcxyaCUreilL/vqI6CdZ3wxVUx3UOUg+gnUOQQcRI7BmSI656MYA=="
		},
		"ripemd160": {
			"version": "2.0.2",
			"resolved": "https://registry.npmjs.org/ripemd160/-/ripemd160-2.0.2.tgz",
			"integrity": "sha512-ii4iagi25WusVoiC4B4lq7pbXfAp3D9v5CwfkY33vffw2+pkDjY1D8GaN7spsxvCSx8dkPqOZCEZyfxcmJG2IA==",
			"requires": {
				"hash-base": "^3.0.0",
				"inherits": "^2.0.1"
			}
		},
		"safe-buffer": {
			"version": "5.2.1",
			"resolved": "https://registry.npmjs.org/safe-buffer/-/safe-buffer-5.2.1.tgz",
			"integrity": "sha512-rp3So07KcdmmKbGvgaNxQSJr7bGVSVk5S9Eq1F+ppbRo70+YeaDxkw5Dd8NPN+GD6bjnYm2VuPuCXmpuYvmCXQ=="
		},
		"scrypt-js": {
			"version": "3.0.1",
			"resolved": "https://registry.npmjs.org/scrypt-js/-/scrypt-js-3.0.1.tgz",
			"integrity": "sha512-cdwTTnqPu0Hyvf5in5asVdZocVDTNRmR7XEcJuIzMjJeSHybHl7vpB66AzwTaIg6CLSbtjcxc8fqcySfnTkccA=="
		},
		"sha.js": {
			"version": "2.4.11",
			"resolved": "https://registry.npmjs.org/sha.js/-/sha.js-2.4.11.tgz",
			"integrity": "sha512-QMEp5B7cftE7APOjk5Y6xgrbWu+WkLVQwk8JNjZ8nKRciZaByEW6MubieAiToS7+dwvrjGhH8jRXz3MVd0AYqQ==",
			"requires": {
				"inherits": "^2.0.1",
				"safe-buffer": "^5.0.1"
			}
		},
		"socket.io-client": {
			"version": "4.5.1",
			"resolved": "https://registry.npmjs.org/socket.io-client/-/socket.io-client-4.5.1.tgz",
			"integrity": "sha512-e6nLVgiRYatS+AHXnOnGi4ocOpubvOUCGhyWw8v+/FxW8saHkinG6Dfhi9TU0Kt/8mwJIAASxvw6eujQmjdZVA==",
			"requires": {
				"@socket.io/component-emitter": "~3.1.0",
				"debug": "~4.3.2",
				"engine.io-client": "~6.2.1",
				"socket.io-parser": "~4.2.0"
			}
		},
		"socket.io-parser": {
			"version": "4.2.0",
			"resolved": "https://registry.npmjs.org/socket.io-parser/-/socket.io-parser-4.2.0.tgz",
			"integrity": "sha512-tLfmEwcEwnlQTxFB7jibL/q2+q8dlVQzj4JdRLJ/W/G1+Fu9VSxCx1Lo+n1HvXxKnM//dUuD0xgiA7tQf57Vng==",
			"requires": {
				"@socket.io/component-emitter": "~3.1.0",
				"debug": "~4.3.1"
			}
		},
		"string_decoder": {
			"version": "1.3.0",
			"resolved": "https://registry.npmjs.org/string_decoder/-/string_decoder-1.3.0.tgz",
			"integrity": "sha512-hkRX8U1WjJFd8LsDJ2yQ/wWWxaopEsABU1XfkM8A+j0+85JAGppt16cr1Whg6KIbb4okU6Mql6BOj+uup/wKeA==",
			"requires": {
				"safe-buffer": "~5.2.0"
			}
		},
		"tiny-secp256k1": {
			"version": "1.1.6",
			"resolved": "https://registry.npmjs.org/tiny-secp256k1/-/tiny-secp256k1-1.1.6.tgz",
			"integrity": "sha512-FmqJZGduTyvsr2cF3375fqGHUovSwDi/QytexX1Se4BPuPZpTE5Ftp5fg+EFSuEf3lhZqgCRjEG3ydUQ/aNiwA==",
			"requires": {
				"bindings": "^1.3.0",
				"bn.js": "^4.11.8",
				"create-hmac": "^1.1.7",
				"elliptic": "^6.4.0",
				"nan": "^2.13.2"
			}
		},
		"typeforce": {
			"version": "1.18.0",
			"resolved": "https://registry.npmjs.org/typeforce/-/typeforce-1.18.0.tgz",
			"integrity": "sha512-7uc1O8h1M1g0rArakJdf0uLRSSgFcYexrVoKo+bzJd32gd4gDy2L/Z+8/FjPnU9ydY3pEnVPtr9FyscYY60K1g=="
		},
		"util-deprecate": {
			"version": "1.0.2",
			"resolved": "https://registry.npmjs.org/util-deprecate/-/util-deprecate-1.0.2.tgz",
			"integrity": "sha512-EPD5q1uXyFxJpCrLnCc1nHnq3gOa6DZBocAIiI2TaSCA7VCJ1UJDMagCzIkXNsUYfD1daK//LTEQ8xiIbrHtcw=="
		},
		"void-elements": {
			"version": "3.1.0",
			"resolved": "https://registry.npmjs.org/void-elements/-/void-elements-3.1.0.tgz",
			"integrity": "sha512-Dhxzh5HZuiHQhbvTW9AMetFfBHDMYpo23Uo9btPXgdYP+3T5S+p+jgNy7spra+veYhBP2dCSgxR/i2Y02h5/6w=="
		},
		"wif": {
			"version": "2.0.6",
			"resolved": "https://registry.npmjs.org/wif/-/wif-2.0.6.tgz",
			"integrity": "sha512-HIanZn1zmduSF+BQhkE+YXIbEiH0xPr1012QbFEGB0xsKqJii0/SqJjyn8dFv6y36kOznMgMB+LGcbZTJ1xACQ==",
			"requires": {
				"bs58check": "<3.0.0"
			}
		},
		"ws": {
			"version": "7.4.6",
			"resolved": "https://registry.npmjs.org/ws/-/ws-7.4.6.tgz",
			"integrity": "sha512-YmhHDO4MzaDLB+M9ym/mDA5z0naX8j7SIlT8f8z+I0VtzsRbekxEutHSme7NPS2qE8StCYQNUnfWdXta/Yu85A=="
		},
		"xmlhttprequest-ssl": {
			"version": "2.0.0",
			"resolved": "https://registry.npmjs.org/xmlhttprequest-ssl/-/xmlhttprequest-ssl-2.0.0.tgz",
			"integrity": "sha512-QKxVRxiRACQcVuQEYFsI1hhkrMlrXHPegbbd1yn9UHOmRxY+si12nQYzri3vbzt8VdTTRviqcKxcyllFas5z2A=="
		}
	}
}
